<Solution>
  <Folder Name="/docs/">
    <File Path="Docs/已完成功能规划/执行计划(对话流内实时过程卡片).md" />
    <File Path="Docs/未来版本策划/聊天式任务发起与动态智能体/08-P4补充-交互模型重设计.md" />
  </Folder>
  <Folder Name="/Src/">
    <Project Path="Src/Netor.Cortana.AI/Netor.Cortana.AI.csproj" Id="ed55708c-48f3-48a0-912b-5a62e5c0f4fb" />
    <Project Path="Src/Netor.Cortana.Entitys/Netor.Cortana.Entitys.csproj" />
    <Project Path="Src/Netor.Cortana.Networks/Netor.Cortana.Networks.csproj" Id="00688320-d548-47f6-aea5-f9eebdc2762c" />
    <Project Path="Src/Netor.Cortana.Store/Netor.Cortana.Store.csproj" />
    <Project Path="Src/Netor.Cortana.UI/Netor.Cortana.UI.csproj" />
    <Project Path="Src/Netor.Cortana.Voice/Netor.Cortana.Voice.csproj" Id="d9878a80-5e4e-467c-9eda-06bfff897b58" />
  </Folder>
  <Folder Name="/Src/Platform/">
    <Project Path="Src/Netor.Cortana.Platform/Netor.Cortana.Platform.Admin/Netor.Cortana.Platform.Admin.csproj" />
    <Project Path="Src/Netor.Cortana.Platform/Netor.Cortana.Platform.Api/Netor.Cortana.Platform.Api.csproj" />
    <Project Path="Src/Netor.Cortana.Platform/Netor.Cortana.Platform.Core/Netor.Cortana.Platform.Core.csproj" />
    <Project Path="Src/Netor.Cortana.Platform/Netor.Cortana.Platform.Entitys/Netor.Cortana.Platform.Entitys.csproj" />
    <Project Path="Src/Netor.Cortana.Platform/Netor.Cortana.Platform.Services/Netor.Cortana.Platform.Services.csproj" />
    <Project Path="Src/Netor.Cortana.Platform/Netor.Cortana.Platform.Web/Netor.Cortana.Platform.Web.csproj" />
  </Folder>
  <Folder Name="/Src/Plugins/">
    <Project Path="Src/Netor.Madorin.Plugin/Netor.Madorin.Plugin.csproj" Id="ff1f0d68-6e21-4305-bf12-392e7000d906" />
    <Project Path="Src/Plugins/Netor.Madorin.Plugin.NativeHost/Netor.Madorin.Plugin.NativeHost.csproj" />
    <Project Path="Src/Plugins/Netor.Madorin.Plugin.Native.Debuger/Netor.Madorin.Plugin.Native.Debugger.csproj" Id="1e96f5d4-ee35-4370-9a3b-9a59ede7bad3" />
    <Project Path="Src/Plugins/Netor.Madorin.Plugin.Native.Generator/Netor.Madorin.Plugin.Native.Generator.csproj" />
    <Project Path="Src/Plugins/Netor.Madorin.Plugin.Native/Netor.Madorin.Plugin.Native.csproj" />
    <Project Path="Src/Plugins/Netor.Madorin.Plugin.Process.Generator/Netor.Madorin.Plugin.Process.Generator.csproj" />
    <Project Path="Src/Plugins/Netor.Madorin.Plugin.Process/Netor.Madorin.Plugin.Process.csproj" />
  </Folder>
  <Folder Name="/Tests/Plugins/">
    <Project Path="Tests/Netor.Madorin.Plugin.Tests/Netor.Madorin.Plugin.Tests.csproj" />
    <Project Path="Tests/Netor.Madorin.Plugin.Process.Tests/Netor.Madorin.Plugin.Process.Tests.csproj" />
  </Folder>
  <Folder Name="/Tests/Core/">
    <Project Path="Tests/Netor.Cortana.Entitys.Tests/Netor.Cortana.Entitys.Tests.csproj" />
  </Folder>
  <Folder Name="/Tests/Store/">
    <Project Path="Tests/Netor.Cortana.Store/Netor.Cortana.Store.Tests.csproj" />
  </Folder>
</Solution>
