<Solution>
  <Folder Name="/samples/">
    <Project Path="samples/Madorin.AI.Runtime.SampleHost/Madorin.AI.Runtime.SampleHost.csproj" />
  </Folder>
  <Folder Name="/src/">
    <Project Path="src/Madorin.AI.Runtime.Cli/Madorin.AI.Runtime.Cli.csproj" />
    <Project Path="src/Madorin.AI.Runtime.Client/Madorin.AI.Runtime.Client.csproj" />
    <Project Path="src/Madorin.AI.Runtime.Contracts/Madorin.AI.Runtime.Contracts.csproj" />
    <Project Path="src/Madorin.AI.Runtime.Core/Madorin.AI.Runtime.Core.csproj" />
    <Project Path="src/Madorin.AI.Runtime.Entities/Madorin.AI.Runtime.Entities.csproj" />
    <Project Path="src/Madorin.AI.Runtime.Modes.Expert/Madorin.AI.Runtime.Modes.Expert.csproj" />
    <Project Path="src/Madorin.AI.Runtime.Modes.Meeting/Madorin.AI.Runtime.Modes.Meeting.csproj" />
    <Project Path="src/Madorin.AI.Runtime.Modes.Work/Madorin.AI.Runtime.Modes.Work.csproj" />
    <Project Path="src/Madorin.AI.Runtime.Orchestration.Abstractions/Madorin.AI.Runtime.Orchestration.Abstractions.csproj" />
    <Project Path="src/Madorin.AI.Runtime.Persistence.Abstractions/Madorin.AI.Runtime.Persistence.Abstractions.csproj" />
    <Project Path="src/Madorin.AI.Runtime.Persistence.Files/Madorin.AI.Runtime.Persistence.Files.csproj" />
    <Project Path="src/Madorin.AI.Runtime.Persistence.Sqlite/Madorin.AI.Runtime.Persistence.Sqlite.csproj" />
    <Project Path="src/Providers/Madorin.AI.Runtime.Providers.Abstractions/Madorin.AI.Runtime.Providers.Abstractions.csproj" />
    <Project Path="src/Providers/Madorin.AI.Runtime.Providers.Anthropic/Madorin.AI.Runtime.Providers.Anthropic.csproj" />
    <Project Path="src/Providers/Madorin.AI.Runtime.Providers.DeepSeek/Madorin.AI.Runtime.Providers.DeepSeek.csproj" />
    <Project Path="src/Providers/Madorin.AI.Runtime.Providers.Kimi/Madorin.AI.Runtime.Providers.Kimi.csproj" />
    <Project Path="src/Providers/Madorin.AI.Runtime.Providers.OpenAI/Madorin.AI.Runtime.Providers.OpenAI.csproj" />
    <Project Path="src/Providers/Madorin.AI.Runtime.Providers.OpenAICompatible/Madorin.AI.Runtime.Providers.OpenAICompatible.csproj" />
    <Project Path="src/Madorin.AI.Runtime.Server/Madorin.AI.Runtime.Server.csproj" />
    <Project Path="src/Madorin.AI.Runtime.Services/Madorin.AI.Runtime.Services.csproj" />
    <Project Path="src/Madorin.AI.Runtime.Tools.Abstractions/Madorin.AI.Runtime.Tools.Abstractions.csproj" />
    <Project Path="src/Madorin.AI.Runtime.Tools.Builtin/Madorin.AI.Runtime.Tools.Builtin.csproj" />
    <Project Path="src/Madorin.AI.Runtime.Transport.Abstractions/Madorin.AI.Runtime.Transport.Abstractions.csproj" />
    <Project Path="src/Madorin.AI.Runtime.Transport.NamedPipes/Madorin.AI.Runtime.Transport.NamedPipes.csproj" />
  </Folder>
  <Folder Name="/tests/">
    <Project Path="tests/Madorin.AI.Runtime.Core.Tests/Madorin.AI.Runtime.Core.Tests.csproj" />
    <Project Path="tests/Madorin.AI.Runtime.EndToEnd.Tests/Madorin.AI.Runtime.EndToEnd.Tests.csproj" />
    <Project Path="tests/Madorin.AI.Runtime.Modes.Tests/Madorin.AI.Runtime.Modes.Tests.csproj" />
    <Project Path="tests/Madorin.AI.Runtime.Persistence.Tests/Madorin.AI.Runtime.Persistence.Tests.csproj" />
    <Project Path="tests/Madorin.AI.Runtime.Protocol.Tests/Madorin.AI.Runtime.Protocol.Tests.csproj" />
    <Project Path="tests/Madorin.AI.Runtime.Provider.Tests/Madorin.AI.Runtime.Provider.Tests.csproj" />
  </Folder>
</Solution>
