Microsoft Visual Studio Solution File, Format Version 12.00
# Visual Studio Version 17
VisualStudioVersion = 17.5.2.0
MinimumVisualStudioVersion = 10.0.40219.1
Project("{FAE04EC0-301F-11D3-BF4B-00C04F79EFBC}") = "Netor.Cortana.Platform.Api", "Netor.Cortana.Platform.Api.csproj", "{662BF7B1-8A13-3E24-1034-C938454AF761}"
EndProject
Global
	GlobalSection(SolutionConfigurationPlatforms) = preSolution
		Debug|Any CPU = Debug|Any CPU
		Release|Any CPU = Release|Any CPU
	EndGlobalSection
	GlobalSection(ProjectConfigurationPlatforms) = postSolution
		{662BF7B1-8A13-3E24-1034-C938454AF761}.Debug|Any CPU.ActiveCfg = Debug|Any CPU
		{662BF7B1-8A13-3E24-1034-C938454AF761}.Debug|Any CPU.Build.0 = Debug|Any CPU
		{662BF7B1-8A13-3E24-1034-C938454AF761}.Release|Any CPU.ActiveCfg = Release|Any CPU
		{662BF7B1-8A13-3E24-1034-C938454AF761}.Release|Any CPU.Build.0 = Release|Any CPU
	EndGlobalSection
	GlobalSection(SolutionProperties) = preSolution
		HideSolutionNode = FALSE
	EndGlobalSection
	GlobalSection(ExtensibilityGlobals) = postSolution
		SolutionGuid = {DAE848BB-81C5-444D-AB32-D6D62C9A547E}
	EndGlobalSection
EndGlobal
